
Microsoft Visual Studio Solution File, Format Version 12.00
# Visual Studio Version 17
VisualStudioVersion = 17.8.34525.116
MinimumVisualStudioVersion = 10.0.40219.1
Project("{9A19103F-16F7-4668-BE54-9A1E7A4F7556}") = "PersoApp", "PersoApp.csproj", "{60C3584F-661A-49D8-8F26-CCC5EBF3ACB6}"
EndProject
Global
	GlobalSection(SolutionConfigurationPlatforms) = preSolution
		Debug|Any CPU = Debug|Any CPU
		Release|Any CPU = Release|Any CPU
	EndGlobalSection
	GlobalSection(ProjectConfigurationPlatforms) = postSolution
		{60C3584F-661A-49D8-8F26-CCC5EBF3ACB6}.Debug|Any CPU.ActiveCfg = Debug|Any CPU
		{60C3584F-661A-49D8-8F26-CCC5EBF3ACB6}.Debug|Any CPU.Build.0 = Debug|Any CPU
		{60C3584F-661A-49D8-8F26-CCC5EBF3ACB6}.Release|Any CPU.ActiveCfg = Release|Any CPU
		{60C3584F-661A-49D8-8F26-CCC5EBF3ACB6}.Release|Any CPU.Build.0 = Release|Any CPU
	EndGlobalSection
	GlobalSection(SolutionProperties) = preSolution
		HideSolutionNode = FALSE
	EndGlobalSection
	GlobalSection(ExtensibilityGlobals) = postSolution
		SolutionGuid = {A28894E5-9DE8-4902-9EC3-C8B7EAA83990}
	EndGlobalSection
EndGlobal
